<?xml version="1.0" encoding="utf-8"?>
<Project ToolsVersion="4.0" xmlns="http://schemas.microsoft.com/developer/msbuild/2003">
  <ItemGroup>
    <ClCompile Include="src\CUDASolverStereo.cpp">
      <Filter>Cuda\SolverStereo</Filter>
    </ClCompile>
    <ClCompile Include="src\CUDAPatchSolverStereo.cpp">
      <Filter>Cuda\PatchSolverStereo</Filter>
    </ClCompile>
    <ClCompile Include="src\StdOutputLogger.cpp">
      <Filter>Util</Filter>
    </ClCompile>
    <ClCompile Include="src\RealtimeStereo.cpp" />
    <ClCompile Include="src\GlobalAppState.cpp" />
    <ClCompile Include="src\TimingLog.cpp" />
    <ClCompile Include="src\CUDAHoleFiller.cpp">
      <Filter>IO</Filter>
    </ClCompile>
    <ClCompile Include="src\SolverStereoStateUtil.cpp">
      <Filter>Cuda\Util</Filter>
    </ClCompile>
  </ItemGroup>
  <ItemGroup>
    <ClInclude Include="src\CUDASolverStereo.h">
      <Filter>Cuda\SolverStereo</Filter>
    </ClInclude>
    <ClInclude Include="src\SolverStereoState.h">
      <Filter>Cuda\SolverStereo</Filter>
    </ClInclude>
    <ClInclude Include="src\SolverStereoUtil.h">
      <Filter>Cuda\SolverStereo</Filter>
    </ClInclude>
    <ClInclude Include="src\SolverStereoEquations.h">
      <Filter>Cuda\SolverStereo</Filter>
    </ClInclude>
    <ClInclude Include="src\SolverStereoParameters.h">
      <Filter>Cuda\SolverStereo</Filter>
    </ClInclude>
    <ClInclude Include="src\PatchSolverStereoEquations.h">
      <Filter>Cuda\PatchSolverStereo</Filter>
    </ClInclude>
    <ClInclude Include="src\PatchSolverStereoParameters.h">
      <Filter>Cuda\PatchSolverStereo</Filter>
    </ClInclude>
    <ClInclude Include="src\PatchSolverStereoState.h">
      <Filter>Cuda\PatchSolverStereo</Filter>
    </ClInclude>
    <ClInclude Include="src\PatchSolverStereoUtil.h">
      <Filter>Cuda\PatchSolverStereo</Filter>
    </ClInclude>
    <ClInclude Include="src\CUDAPatchSolverStereo.h">
      <Filter>Cuda\PatchSolverStereo</Filter>
    </ClInclude>
    <ClInclude Include="src\cudaUtil.h">
      <Filter>Cuda\Util</Filter>
    </ClInclude>
    <ClInclude Include="src\SolverUtil.h">
      <Filter>Cuda\Util</Filter>
    </ClInclude>
    <ClInclude Include="src\Eigen.h">
      <Filter>Util</Filter>
    </ClInclude>
    <ClInclude Include="src\MatrixConversion.h">
      <Filter>Util</Filter>
    </ClInclude>
    <ClInclude Include="src\StdOutputLogger.h">
      <Filter>Util</Filter>
    </ClInclude>
    <ClInclude Include="src\RealtimeStereo.h" />
    <ClInclude Include="src\GlobalAppState.h" />
    <ClInclude Include="src\Resource.h" />
    <ClInclude Include="src\TimingLog.h" />
    <ClInclude Include="src\CUDAHoleFiller.h">
      <Filter>IO</Filter>
    </ClInclude>
    <ClInclude Include="src\SolverStereoStateUtil.h">
      <Filter>Cuda\Util</Filter>
    </ClInclude>
  </ItemGroup>
  <ItemGroup>
    <Filter Include="IO">
      <UniqueIdentifier>{69774661-008b-4e87-a3ab-9093d35ed995}</UniqueIdentifier>
    </Filter>
    <Filter Include="Util">
      <UniqueIdentifier>{82c8c3ee-c28b-4c6e-9967-16cc5a4295cf}</UniqueIdentifier>
    </Filter>
    <Filter Include="Cuda">
      <UniqueIdentifier>{934859ac-9a7f-4b5b-9b4a-997022d11897}</UniqueIdentifier>
    </Filter>
    <Filter Include="Cuda\Util">
      <UniqueIdentifier>{e7290343-df6e-4135-96f6-91ba5a345aca}</UniqueIdentifier>
    </Filter>
    <Filter Include="Cuda\SolverStereo">
      <UniqueIdentifier>{889e1dc0-d103-4749-b19d-7a03d7e09a9c}</UniqueIdentifier>
    </Filter>
    <Filter Include="Cuda\PatchSolverStereo">
      <UniqueIdentifier>{0961497d-4018-4b37-932c-0bb0974c52de}</UniqueIdentifier>
    </Filter>
  </ItemGroup>
  <ItemGroup>
    <CudaCompile Include="src\SolverStereo.cu">
      <Filter>Cuda\SolverStereo</Filter>
    </CudaCompile>
    <CudaCompile Include="src\PatchSolverStereo.cu">
      <Filter>Cuda\PatchSolverStereo</Filter>
    </CudaCompile>
    <CudaCompile Include="src\CameraUtil.cu">
      <Filter>Cuda\Util</Filter>
    </CudaCompile>
    <CudaCompile Include="src\CUDAHoleFiller.cu">
      <Filter>Cuda\Util</Filter>
    </CudaCompile>
  </ItemGroup>
</Project>