<?xml version="1.0" encoding="utf-8"?>
<Project ToolsVersion="4.0" xmlns="http://schemas.microsoft.com/developer/msbuild/2003">
  <ItemGroup>
    <ClCompile Include="app.cpp" />
    <ClCompile Include="DLLMain.cpp" />
    <ClCompile Include="interactiveDLL.cpp" />
    <ClCompile Include="main.cpp" />
    <ClCompile Include="mLibSource.cpp" />
    <ClCompile Include="G3DVisualizer.cpp" />
    <ClCompile Include="Optimizer.cpp" />
    <ClCompile Include="CUDASolverSHLighting.cpp">
      <Filter>CUDAHelpers</Filter>
    </ClCompile>
    <ClCompile Include="G3DShapeFromShading.cpp" />
    <ClCompile Include="CudaImage.cpp">
      <Filter>CUDAHelpers</Filter>
    </ClCompile>
    <ClCompile Include="PatchSolverSFS\CUDAPatchSolverSFS.cpp">
      <Filter>CUDAHelpers\PatchSolverSFS</Filter>
    </ClCompile>
    <ClCompile Include="CudaScan.cpp">
      <Filter>CUDAHelpers</Filter>
    </ClCompile>
  </ItemGroup>
  <ItemGroup>
    <ClInclude Include="..\..\API\build\Opt.h" />
    <ClInclude Include="app.h" />
    <ClInclude Include="interactiveDLL.h" />
    <ClInclude Include="main.h" />
    <ClInclude Include="mLibInclude.h" />
    <ClInclude Include="parameters.h" />
    <ClInclude Include="G3DVisualizer.h" />
    <ClInclude Include="Optimizer.h" />
    <ClInclude Include="OptimizationStatusInfo.h" />
    <ClInclude Include="SFSHelpers.h">
      <Filter>CUDAHelpers</Filter>
    </ClInclude>
    <ClInclude Include="SolverSHLightingState.h">
      <Filter>CUDAHelpers</Filter>
    </ClInclude>
    <ClInclude Include="CUDASolverSHLighting.h">
      <Filter>CUDAHelpers</Filter>
    </ClInclude>
    <ClInclude Include="SolverSFSState.h">
      <Filter>CUDAHelpers</Filter>
    </ClInclude>
    <ClInclude Include="Eigen.h">
      <Filter>ExternalHelpers</Filter>
    </ClInclude>
    <ClInclude Include="CameraParams.h">
      <Filter>CUDAHelpers</Filter>
    </ClInclude>
    <ClInclude Include="G3DShapeFromShading.h" />
    <ClInclude Include="cuda_SimpleMatrixUtil.h">
      <Filter>CUDAHelpers</Filter>
    </ClInclude>
    <ClInclude Include="cudaUtil.h">
      <Filter>CUDAHelpers</Filter>
    </ClInclude>
    <ClInclude Include="CudaImage.h">
      <Filter>CUDAHelpers</Filter>
    </ClInclude>
    <ClInclude Include="PatchSolverSFS\CUDAPatchSolverSFS.h">
      <Filter>CUDAHelpers\PatchSolverSFS</Filter>
    </ClInclude>
    <ClInclude Include="PatchSolverSFS\PatchSolverSFSEquations.h">
      <Filter>CUDAHelpers\PatchSolverSFS</Filter>
    </ClInclude>
    <ClInclude Include="PatchSolverSFS\PatchSolverSFSParameters.h">
      <Filter>CUDAHelpers\PatchSolverSFS</Filter>
    </ClInclude>
    <ClInclude Include="PatchSolverSFS\PatchSolverSFSState.h">
      <Filter>CUDAHelpers\PatchSolverSFS</Filter>
    </ClInclude>
    <ClInclude Include="PatchSolverSFS\PatchSolverSFSUtil.h">
      <Filter>CUDAHelpers\PatchSolverSFS</Filter>
    </ClInclude>
    <ClInclude Include="ICUDASolverSFS.h">
      <Filter>CUDAHelpers</Filter>
    </ClInclude>
    <ClInclude Include="ConvergenceAnalysis.h">
      <Filter>CUDAHelpers</Filter>
    </ClInclude>
    <ClInclude Include="SolverUtil.h">
      <Filter>CUDAHelpers</Filter>
    </ClInclude>
    <ClInclude Include="CUDAScan.h">
      <Filter>CUDAHelpers</Filter>
    </ClInclude>
  </ItemGroup>
  <ItemGroup>
    <None Include="interactiveDLL.def" />
    <None Include="data-files\scene\default.Scene.Any">
      <Filter>Scenes</Filter>
    </None>
    <None Include="data-files\shader\diff.pix">
      <Filter>Shaders</Filter>
    </None>
  </ItemGroup>
  <ItemGroup>
    <Filter Include="CUDAHelpers">
      <UniqueIdentifier>{6fc115b2-4ffd-4f9b-ba2d-a2c3495b7a4d}</UniqueIdentifier>
    </Filter>
    <Filter Include="CUDAHelpers\cutil">
      <UniqueIdentifier>{dd3b35d5-13b1-4b83-b0b3-cc82e8ae0630}</UniqueIdentifier>
    </Filter>
    <Filter Include="ExternalHelpers">
      <UniqueIdentifier>{0b916739-af75-42dc-a039-0053c00dedff}</UniqueIdentifier>
    </Filter>
    <Filter Include="Shaders">
      <UniqueIdentifier>{702db8fa-e0d3-4192-9eda-78f87631d698}</UniqueIdentifier>
    </Filter>
    <Filter Include="Scenes">
      <UniqueIdentifier>{496423c5-0667-453a-80fd-ba84faee5ee2}</UniqueIdentifier>
    </Filter>
    <Filter Include="CUDAHelpers\PatchSolverSFS">
      <UniqueIdentifier>{d8ef8ce2-905f-46a2-a313-a7f591a13ea0}</UniqueIdentifier>
    </Filter>
  </ItemGroup>
  <ItemGroup>
    <CudaCompile Include="SolverSHLighting.cu">
      <Filter>CUDAHelpers</Filter>
    </CudaCompile>
    <CudaCompile Include="CameraUtil.cu">
      <Filter>CUDAHelpers</Filter>
    </CudaCompile>
    <CudaCompile Include="SFSHelpers.cu" />
    <CudaCompile Include="PatchSolverSFS\PatchSolverSFS.cu">
      <Filter>CUDAHelpers\PatchSolverSFS</Filter>
    </CudaCompile>
    <CudaCompile Include="ScanCS.cu">
      <Filter>CUDAHelpers</Filter>
    </CudaCompile>
  </ItemGroup>
</Project>